// !$*UTF8*$!
{
	archiveVersion = 1;
	classes = {
	};
	objectVersion = 56;
	objects = {

/* Begin PBXBuildFile section */
		662950452A69A311004EE91B /* SwiftyUIX.docc in Sources */ = {isa = PBXBuildFile; fileRef = 662950442A69A311004EE91B /* SwiftyUIX.docc */; };
		6629504B2A69A311004EE91B /* SwiftyUIX.framework in Frameworks */ = {isa = PBXBuildFile; fileRef = 662950402A69A311004EE91B /* SwiftyUIX.framework */; };
		662950502A69A311004EE91B /* SwiftyUIXTests.swift in Sources */ = {isa = PBXBuildFile; fileRef = 6629504F2A69A311004EE91B /* SwiftyUIXTests.swift */; };
		662950512A69A311004EE91B /* SwiftyUIX.h in Headers */ = {isa = PBXBuildFile; fileRef = 662950432A69A311004EE91B /* SwiftyUIX.h */; settings = {ATTRIBUTES = (Public, ); }; };
		662950612A69A3B4004EE91B /* swiftyUIXExamplesApp.swift in Sources */ = {isa = PBXBuildFile; fileRef = 662950602A69A3B4004EE91B /* swiftyUIXExamplesApp.swift */; };
		662950632A69A3B4004EE91B /* ContentView.swift in Sources */ = {isa = PBXBuildFile; fileRef = 662950622A69A3B4004EE91B /* ContentView.swift */; };
		662950652A69A3B5004EE91B /* Assets.xcassets in Resources */ = {isa = PBXBuildFile; fileRef = 662950642A69A3B5004EE91B /* Assets.xcassets */; };
		662950682A69A3B5004EE91B /* Preview Assets.xcassets in Resources */ = {isa = PBXBuildFile; fileRef = 662950672A69A3B5004EE91B /* Preview Assets.xcassets */; };
		6629506D2A69A655004EE91B /* ViewExtensions.swift in Sources */ = {isa = PBXBuildFile; fileRef = 6629506C2A69A655004EE91B /* ViewExtensions.swift */; };
		662950712A69AB73004EE91B /* SceneDelegate.swift in Sources */ = {isa = PBXBuildFile; fileRef = 662950702A69AB73004EE91B /* SceneDelegate.swift */; };
		662950772A69AFF4004EE91B /* FrameExamples.swift in Sources */ = {isa = PBXBuildFile; fileRef = 662950762A69AFF4004EE91B /* FrameExamples.swift */; };
		662950792A69B26D004EE91B /* ColorExtention.swift in Sources */ = {isa = PBXBuildFile; fileRef = 662950782A69B26D004EE91B /* ColorExtention.swift */; };
		6629507B2A69BA6D004EE91B /* UIdeviceExtensions.swift in Sources */ = {isa = PBXBuildFile; fileRef = 6629507A2A69BA6D004EE91B /* UIdeviceExtensions.swift */; };
		6629507D2A69BACA004EE91B /* UIscreenExtensions.swift in Sources */ = {isa = PBXBuildFile; fileRef = 6629507C2A69BACA004EE91B /* UIscreenExtensions.swift */; };
		6629507F2A69BBB2004EE91B /* ColorsExtensions.swift in Sources */ = {isa = PBXBuildFile; fileRef = 6629507E2A69BBB2004EE91B /* ColorsExtensions.swift */; };
		662950812A69BE68004EE91B /* ColorHexCodeExample.swift in Sources */ = {isa = PBXBuildFile; fileRef = 662950802A69BE68004EE91B /* ColorHexCodeExample.swift */; };
		662950832A69C307004EE91B /* SafeAreaExample.swift in Sources */ = {isa = PBXBuildFile; fileRef = 662950822A69C307004EE91B /* SafeAreaExample.swift */; };
		662950852A69C5E2004EE91B /* ScreenCornerRadiusExample.swift in Sources */ = {isa = PBXBuildFile; fileRef = 662950842A69C5E2004EE91B /* ScreenCornerRadiusExample.swift */; };
		662950872A6C2199004EE91B /* TransprantBackgroud.swift in Sources */ = {isa = PBXBuildFile; fileRef = 662950862A6C2199004EE91B /* TransprantBackgroud.swift */; };
		6629508C2A6C233F004EE91B /* ThreadExtensions.swift in Sources */ = {isa = PBXBuildFile; fileRef = 6629508B2A6C233F004EE91B /* ThreadExtensions.swift */; };
		662950902A6C24EC004EE91B /* BorderView.swift in Sources */ = {isa = PBXBuildFile; fileRef = 6629508F2A6C24EC004EE91B /* BorderView.swift */; };
		662950922A6C2762004EE91B /* DateExtensions.swift in Sources */ = {isa = PBXBuildFile; fileRef = 662950912A6C2762004EE91B /* DateExtensions.swift */; };
		662950942A6C30A0004EE91B /* DataExtensions.swift in Sources */ = {isa = PBXBuildFile; fileRef = 662950932A6C30A0004EE91B /* DataExtensions.swift */; };
		662950982A6C3187004EE91B /* HapticFeedbackManager.swift in Sources */ = {isa = PBXBuildFile; fileRef = 662950972A6C3187004EE91B /* HapticFeedbackManager.swift */; };
		6629509C2A6C32D3004EE91B /* BlurView.swift in Sources */ = {isa = PBXBuildFile; fileRef = 6629509B2A6C32D3004EE91B /* BlurView.swift */; };
		6629509E2A6C34D4004EE91B /* HTMLWebView.swift in Sources */ = {isa = PBXBuildFile; fileRef = 6629509D2A6C34D4004EE91B /* HTMLWebView.swift */; };
		666399882ABF2B5C0026F4B1 /* firebaseExtensions.swift in Sources */ = {isa = PBXBuildFile; fileRef = 666399872ABF2B5C0026F4B1 /* firebaseExtensions.swift */; };
		6663998A2AC01B7C0026F4B1 /* RealmExtensions.swift in Sources */ = {isa = PBXBuildFile; fileRef = 666399892AC01B7C0026F4B1 /* RealmExtensions.swift */; };
		666399972AC021800026F4B1 /* UIView+Extensions.swift in Sources */ = {isa = PBXBuildFile; fileRef = 6663998C2AC021800026F4B1 /* UIView+Extensions.swift */; };
		666399982AC021800026F4B1 /* PassthroughView.swift in Sources */ = {isa = PBXBuildFile; fileRef = 6663998D2AC021800026F4B1 /* PassthroughView.swift */; };
		666399992AC021800026F4B1 /* WindowViewController.swift in Sources */ = {isa = PBXBuildFile; fileRef = 6663998E2AC021800026F4B1 /* WindowViewController.swift */; };
		6663999A2AC021800026F4B1 /* Animator.swift in Sources */ = {isa = PBXBuildFile; fileRef = 6663998F2AC021800026F4B1 /* Animator.swift */; };
		6663999B2AC021800026F4B1 /* Presenter.swift in Sources */ = {isa = PBXBuildFile; fileRef = 666399902AC021800026F4B1 /* Presenter.swift */; };
		6663999D2AC021800026F4B1 /* DropView.swift in Sources */ = {isa = PBXBuildFile; fileRef = 666399922AC021800026F4B1 /* DropView.swift */; };
		6663999E2AC021800026F4B1 /* Drops.swift in Sources */ = {isa = PBXBuildFile; fileRef = 666399932AC021800026F4B1 /* Drops.swift */; };
		6663999F2AC021800026F4B1 /* PassthroughWindow.swift in Sources */ = {isa = PBXBuildFile; fileRef = 666399942AC021800026F4B1 /* PassthroughWindow.swift */; };
		666399A02AC021800026F4B1 /* Drop.swift in Sources */ = {isa = PBXBuildFile; fileRef = 666399952AC021800026F4B1 /* Drop.swift */; };
		666399A12AC021800026F4B1 /* Weak.swift in Sources */ = {isa = PBXBuildFile; fileRef = 666399962AC021800026F4B1 /* Weak.swift */; };
		666399A32AC027A00026F4B1 /* NotificationExtension.swift in Sources */ = {isa = PBXBuildFile; fileRef = 666399A22AC027A00026F4B1 /* NotificationExtension.swift */; };
		666399A52AC0452A0026F4B1 /* UIApplicationExtension.swift in Sources */ = {isa = PBXBuildFile; fileRef = 666399A42AC0452A0026F4B1 /* UIApplicationExtension.swift */; };
		666399A72AC09A610026F4B1 /* ObservableObjectExtension.swift in Sources */ = {isa = PBXBuildFile; fileRef = 666399A62AC09A610026F4B1 /* ObservableObjectExtension.swift */; };
		666399A92AC09A990026F4B1 /* UIViewControllerExtension.swift in Sources */ = {isa = PBXBuildFile; fileRef = 666399A82AC09A990026F4B1 /* UIViewControllerExtension.swift */; };
		666399AB2AC0A1C30026F4B1 /* SwiftyUIX.podspec in Resources */ = {isa = PBXBuildFile; fileRef = 666399AA2AC0A1C30026F4B1 /* SwiftyUIX.podspec */; };
/* End PBXBuildFile section */

/* Begin PBXContainerItemProxy section */
		6629504C2A69A311004EE91B /* PBXContainerItemProxy */ = {
			isa = PBXContainerItemProxy;
			containerPortal = 662950372A69A311004EE91B /* Project object */;
			proxyType = 1;
			remoteGlobalIDString = 6629503F2A69A311004EE91B;
			remoteInfo = SwiftyUIX;
		};
		6629506E2A69AAAD004EE91B /* PBXContainerItemProxy */ = {
			isa = PBXContainerItemProxy;
			containerPortal = 662950372A69A311004EE91B /* Project object */;
			proxyType = 1;
			remoteGlobalIDString = 6629503F2A69A311004EE91B;
			remoteInfo = SwiftyUIX;
		};
/* End PBXContainerItemProxy section */

/* Begin PBXFileReference section */
		662950402A69A311004EE91B /* SwiftyUIX.framework */ = {isa = PBXFileReference; explicitFileType = wrapper.framework; includeInIndex = 0; path = SwiftyUIX.framework; sourceTree = BUILT_PRODUCTS_DIR; };
		662950432A69A311004EE91B /* SwiftyUIX.h */ = {isa = PBXFileReference; lastKnownFileType = sourcecode.c.h; path = SwiftyUIX.h; sourceTree = "<group>"; };
		662950442A69A311004EE91B /* SwiftyUIX.docc */ = {isa = PBXFileReference; lastKnownFileType = folder.documentationcatalog; path = SwiftyUIX.docc; sourceTree = "<group>"; };
		6629504A2A69A311004EE91B /* SwiftyUIXTests.xctest */ = {isa = PBXFileReference; explicitFileType = wrapper.cfbundle; includeInIndex = 0; path = SwiftyUIXTests.xctest; sourceTree = BUILT_PRODUCTS_DIR; };
		6629504F2A69A311004EE91B /* SwiftyUIXTests.swift */ = {isa = PBXFileReference; lastKnownFileType = sourcecode.swift; path = SwiftyUIXTests.swift; sourceTree = "<group>"; };
		6629505E2A69A3B4004EE91B /* swiftyUIXExamples.app */ = {isa = PBXFileReference; explicitFileType = wrapper.application; includeInIndex = 0; path = swiftyUIXExamples.app; sourceTree = BUILT_PRODUCTS_DIR; };
		662950602A69A3B4004EE91B /* swiftyUIXExamplesApp.swift */ = {isa = PBXFileReference; lastKnownFileType = sourcecode.swift; path = swiftyUIXExamplesApp.swift; sourceTree = "<group>"; };
		662950622A69A3B4004EE91B /* ContentView.swift */ = {isa = PBXFileReference; lastKnownFileType = sourcecode.swift; path = ContentView.swift; sourceTree = "<group>"; };
		662950642A69A3B5004EE91B /* Assets.xcassets */ = {isa = PBXFileReference; lastKnownFileType = folder.assetcatalog; path = Assets.xcassets; sourceTree = "<group>"; };
		662950672A69A3B5004EE91B /* Preview Assets.xcassets */ = {isa = PBXFileReference; lastKnownFileType = folder.assetcatalog; path = "Preview Assets.xcassets"; sourceTree = "<group>"; };
		6629506C2A69A655004EE91B /* ViewExtensions.swift */ = {isa = PBXFileReference; lastKnownFileType = sourcecode.swift; path = ViewExtensions.swift; sourceTree = "<group>"; };
		662950702A69AB73004EE91B /* SceneDelegate.swift */ = {isa = PBXFileReference; lastKnownFileType = sourcecode.swift; path = SceneDelegate.swift; sourceTree = "<group>"; };
		662950722A69ABE9004EE91B /* Info.plist */ = {isa = PBXFileReference; lastKnownFileType = text.plist; path = Info.plist; sourceTree = "<group>"; };
		662950762A69AFF4004EE91B /* FrameExamples.swift */ = {isa = PBXFileReference; lastKnownFileType = sourcecode.swift; path = FrameExamples.swift; sourceTree = "<group>"; };
		662950782A69B26D004EE91B /* ColorExtention.swift */ = {isa = PBXFileReference; lastKnownFileType = sourcecode.swift; path = ColorExtention.swift; sourceTree = "<group>"; };
		6629507A2A69BA6D004EE91B /* UIdeviceExtensions.swift */ = {isa = PBXFileReference; lastKnownFileType = sourcecode.swift; path = UIdeviceExtensions.swift; sourceTree = "<group>"; };
		6629507C2A69BACA004EE91B /* UIscreenExtensions.swift */ = {isa = PBXFileReference; lastKnownFileType = sourcecode.swift; path = UIscreenExtensions.swift; sourceTree = "<group>"; };
		6629507E2A69BBB2004EE91B /* ColorsExtensions.swift */ = {isa = PBXFileReference; lastKnownFileType = sourcecode.swift; path = ColorsExtensions.swift; sourceTree = "<group>"; };
		662950802A69BE68004EE91B /* ColorHexCodeExample.swift */ = {isa = PBXFileReference; lastKnownFileType = sourcecode.swift; path = ColorHexCodeExample.swift; sourceTree = "<group>"; };
		662950822A69C307004EE91B /* SafeAreaExample.swift */ = {isa = PBXFileReference; lastKnownFileType = sourcecode.swift; path = SafeAreaExample.swift; sourceTree = "<group>"; };
		662950842A69C5E2004EE91B /* ScreenCornerRadiusExample.swift */ = {isa = PBXFileReference; lastKnownFileType = sourcecode.swift; path = ScreenCornerRadiusExample.swift; sourceTree = "<group>"; };
		662950862A6C2199004EE91B /* TransprantBackgroud.swift */ = {isa = PBXFileReference; lastKnownFileType = sourcecode.swift; path = TransprantBackgroud.swift; sourceTree = "<group>"; };
		6629508B2A6C233F004EE91B /* ThreadExtensions.swift */ = {isa = PBXFileReference; lastKnownFileType = sourcecode.swift; path = ThreadExtensions.swift; sourceTree = "<group>"; };
		6629508F2A6C24EC004EE91B /* BorderView.swift */ = {isa = PBXFileReference; lastKnownFileType = sourcecode.swift; path = BorderView.swift; sourceTree = "<group>"; };
		662950912A6C2762004EE91B /* DateExtensions.swift */ = {isa = PBXFileReference; lastKnownFileType = sourcecode.swift; path = DateExtensions.swift; sourceTree = "<group>"; };
		662950932A6C30A0004EE91B /* DataExtensions.swift */ = {isa = PBXFileReference; lastKnownFileType = sourcecode.swift; path = DataExtensions.swift; sourceTree = "<group>"; };
		662950972A6C3187004EE91B /* HapticFeedbackManager.swift */ = {isa = PBXFileReference; lastKnownFileType = sourcecode.swift; path = HapticFeedbackManager.swift; sourceTree = "<group>"; };
		6629509B2A6C32D3004EE91B /* BlurView.swift */ = {isa = PBXFileReference; lastKnownFileType = sourcecode.swift; path = BlurView.swift; sourceTree = "<group>"; };
		6629509D2A6C34D4004EE91B /* HTMLWebView.swift */ = {isa = PBXFileReference; lastKnownFileType = sourcecode.swift; path = HTMLWebView.swift; sourceTree = "<group>"; };
		666399872ABF2B5C0026F4B1 /* firebaseExtensions.swift */ = {isa = PBXFileReference; lastKnownFileType = sourcecode.swift; path = firebaseExtensions.swift; sourceTree = "<group>"; };
		666399892AC01B7C0026F4B1 /* RealmExtensions.swift */ = {isa = PBXFileReference; lastKnownFileType = sourcecode.swift; path = RealmExtensions.swift; sourceTree = "<group>"; };
		6663998C2AC021800026F4B1 /* UIView+Extensions.swift */ = {isa = PBXFileReference; fileEncoding = 4; lastKnownFileType = sourcecode.swift; path = "UIView+Extensions.swift"; sourceTree = "<group>"; };
		6663998D2AC021800026F4B1 /* PassthroughView.swift */ = {isa = PBXFileReference; fileEncoding = 4; lastKnownFileType = sourcecode.swift; path = PassthroughView.swift; sourceTree = "<group>"; };
		6663998E2AC021800026F4B1 /* WindowViewController.swift */ = {isa = PBXFileReference; fileEncoding = 4; lastKnownFileType = sourcecode.swift; path = WindowViewController.swift; sourceTree = "<group>"; };
		6663998F2AC021800026F4B1 /* Animator.swift */ = {isa = PBXFileReference; fileEncoding = 4; lastKnownFileType = sourcecode.swift; path = Animator.swift; sourceTree = "<group>"; };
		666399902AC021800026F4B1 /* Presenter.swift */ = {isa = PBXFileReference; fileEncoding = 4; lastKnownFileType = sourcecode.swift; path = Presenter.swift; sourceTree = "<group>"; };
		666399922AC021800026F4B1 /* DropView.swift */ = {isa = PBXFileReference; fileEncoding = 4; lastKnownFileType = sourcecode.swift; path = DropView.swift; sourceTree = "<group>"; };
		666399932AC021800026F4B1 /* Drops.swift */ = {isa = PBXFileReference; fileEncoding = 4; lastKnownFileType = sourcecode.swift; path = Drops.swift; sourceTree = "<group>"; };
		666399942AC021800026F4B1 /* PassthroughWindow.swift */ = {isa = PBXFileReference; fileEncoding = 4; lastKnownFileType = sourcecode.swift; path = PassthroughWindow.swift; sourceTree = "<group>"; };
		666399952AC021800026F4B1 /* Drop.swift */ = {isa = PBXFileReference; fileEncoding = 4; lastKnownFileType = sourcecode.swift; path = Drop.swift; sourceTree = "<group>"; };
		666399962AC021800026F4B1 /* Weak.swift */ = {isa = PBXFileReference; fileEncoding = 4; lastKnownFileType = sourcecode.swift; path = Weak.swift; sourceTree = "<group>"; };
		666399A22AC027A00026F4B1 /* NotificationExtension.swift */ = {isa = PBXFileReference; lastKnownFileType = sourcecode.swift; path = NotificationExtension.swift; sourceTree = "<group>"; };
		666399A42AC0452A0026F4B1 /* UIApplicationExtension.swift */ = {isa = PBXFileReference; lastKnownFileType = sourcecode.swift; path = UIApplicationExtension.swift; sourceTree = "<group>"; };
		666399A62AC09A610026F4B1 /* ObservableObjectExtension.swift */ = {isa = PBXFileReference; lastKnownFileType = sourcecode.swift; path = ObservableObjectExtension.swift; sourceTree = "<group>"; };
		666399A82AC09A990026F4B1 /* UIViewControllerExtension.swift */ = {isa = PBXFileReference; lastKnownFileType = sourcecode.swift; path = UIViewControllerExtension.swift; sourceTree = "<group>"; };
		666399AA2AC0A1C30026F4B1 /* SwiftyUIX.podspec */ = {isa = PBXFileReference; lastKnownFileType = text; path = SwiftyUIX.podspec; sourceTree = SOURCE_ROOT; };
/* End PBXFileReference section */

/* Begin PBXFrameworksBuildPhase section */
		6629503D2A69A311004EE91B /* Frameworks */ = {
			isa = PBXFrameworksBuildPhase;
			buildActionMask = 2147483647;
			files = (
			);
			runOnlyForDeploymentPostprocessing = 0;
		};
		662950472A69A311004EE91B /* Frameworks */ = {
			isa = PBXFrameworksBuildPhase;
			buildActionMask = 2147483647;
			files = (
				6629504B2A69A311004EE91B /* SwiftyUIX.framework in Frameworks */,
			);
			runOnlyForDeploymentPostprocessing = 0;
		};
		6629505B2A69A3B4004EE91B /* Frameworks */ = {
			isa = PBXFrameworksBuildPhase;
			buildActionMask = 2147483647;
			files = (
			);
			runOnlyForDeploymentPostprocessing = 0;
		};
/* End PBXFrameworksBuildPhase section */

/* Begin PBXGroup section */
		662950362A69A311004EE91B = {
			isa = PBXGroup;
			children = (
				662950422A69A311004EE91B /* SwiftyUIX */,
				6629504E2A69A311004EE91B /* SwiftyUIXTests */,
				6629505F2A69A3B4004EE91B /* swiftyUIXExamples */,
				662950412A69A311004EE91B /* Products */,
			);
			sourceTree = "<group>";
		};
		662950412A69A311004EE91B /* Products */ = {
			isa = PBXGroup;
			children = (
				662950402A69A311004EE91B /* SwiftyUIX.framework */,
				6629504A2A69A311004EE91B /* SwiftyUIXTests.xctest */,
				6629505E2A69A3B4004EE91B /* swiftyUIXExamples.app */,
			);
			name = Products;
			sourceTree = "<group>";
		};
		662950422A69A311004EE91B /* SwiftyUIX */ = {
			isa = PBXGroup;
			children = (
				666399AA2AC0A1C30026F4B1 /* SwiftyUIX.podspec */,
				662950A12A6C3DB7004EE91B /* Classes */,
				662950432A69A311004EE91B /* SwiftyUIX.h */,
				662950442A69A311004EE91B /* SwiftyUIX.docc */,
			);
			path = SwiftyUIX;
			sourceTree = "<group>";
		};
		6629504E2A69A311004EE91B /* SwiftyUIXTests */ = {
			isa = PBXGroup;
			children = (
				6629504F2A69A311004EE91B /* SwiftyUIXTests.swift */,
			);
			path = SwiftyUIXTests;
			sourceTree = "<group>";
		};
		6629505F2A69A3B4004EE91B /* swiftyUIXExamples */ = {
			isa = PBXGroup;
			children = (
				662950722A69ABE9004EE91B /* Info.plist */,
				662950602A69A3B4004EE91B /* swiftyUIXExamplesApp.swift */,
				662950702A69AB73004EE91B /* SceneDelegate.swift */,
				662950752A69AFEC004EE91B /* Views */,
				662950642A69A3B5004EE91B /* Assets.xcassets */,
				662950662A69A3B5004EE91B /* Preview Content */,
			);
			path = swiftyUIXExamples;
			sourceTree = "<group>";
		};
		662950662A69A3B5004EE91B /* Preview Content */ = {
			isa = PBXGroup;
			children = (
				662950672A69A3B5004EE91B /* Preview Assets.xcassets */,
			);
			path = "Preview Content";
			sourceTree = "<group>";
		};
		662950752A69AFEC004EE91B /* Views */ = {
			isa = PBXGroup;
			children = (
				662950622A69A3B4004EE91B /* ContentView.swift */,
				662950762A69AFF4004EE91B /* FrameExamples.swift */,
				662950822A69C307004EE91B /* SafeAreaExample.swift */,
				662950802A69BE68004EE91B /* ColorHexCodeExample.swift */,
				662950782A69B26D004EE91B /* ColorExtention.swift */,
				662950842A69C5E2004EE91B /* ScreenCornerRadiusExample.swift */,
			);
			path = Views;
			sourceTree = "<group>";
		};
		662950882A6C2299004EE91B /* Extensions */ = {
			isa = PBXGroup;
			children = (
				666399862ABF0E680026F4B1 /* ExtraExtensions */,
				6629507A2A69BA6D004EE91B /* UIdeviceExtensions.swift */,
				6629507C2A69BACA004EE91B /* UIscreenExtensions.swift */,
				6629507E2A69BBB2004EE91B /* ColorsExtensions.swift */,
				6629508B2A6C233F004EE91B /* ThreadExtensions.swift */,
				662950912A6C2762004EE91B /* DateExtensions.swift */,
				662950932A6C30A0004EE91B /* DataExtensions.swift */,
				666399A22AC027A00026F4B1 /* NotificationExtension.swift */,
				6629506C2A69A655004EE91B /* ViewExtensions.swift */,
				666399A42AC0452A0026F4B1 /* UIApplicationExtension.swift */,
				666399A62AC09A610026F4B1 /* ObservableObjectExtension.swift */,
				666399A82AC09A990026F4B1 /* UIViewControllerExtension.swift */,
			);
			path = Extensions;
			sourceTree = "<group>";
		};
		662950892A6C2302004EE91B /* Views */ = {
			isa = PBXGroup;
			children = (
				662950862A6C2199004EE91B /* TransprantBackgroud.swift */,
				6629508F2A6C24EC004EE91B /* BorderView.swift */,
				6629509B2A6C32D3004EE91B /* BlurView.swift */,
				6629509D2A6C34D4004EE91B /* HTMLWebView.swift */,
			);
			path = Views;
			sourceTree = "<group>";
		};
		6629508A2A6C2308004EE91B /* ViewModifires */ = {
			isa = PBXGroup;
			children = (
				662950972A6C3187004EE91B /* HapticFeedbackManager.swift */,
			);
			path = ViewModifires;
			sourceTree = "<group>";
		};
		662950A12A6C3DB7004EE91B /* Classes */ = {
			isa = PBXGroup;
			children = (
				6663998B2AC021800026F4B1 /* drops */,
				662950892A6C2302004EE91B /* Views */,
				6629508A2A6C2308004EE91B /* ViewModifires */,
				662950882A6C2299004EE91B /* Extensions */,
			);
			path = Classes;
			sourceTree = "<group>";
		};
		666399862ABF0E680026F4B1 /* ExtraExtensions */ = {
			isa = PBXGroup;
			children = (
				666399872ABF2B5C0026F4B1 /* firebaseExtensions.swift */,
				666399892AC01B7C0026F4B1 /* RealmExtensions.swift */,
			);
			path = ExtraExtensions;
			sourceTree = "<group>";
		};
		6663998B2AC021800026F4B1 /* drops */ = {
			isa = PBXGroup;
			children = (
				6663998C2AC021800026F4B1 /* UIView+Extensions.swift */,
				6663998D2AC021800026F4B1 /* PassthroughView.swift */,
				6663998E2AC021800026F4B1 /* WindowViewController.swift */,
				6663998F2AC021800026F4B1 /* Animator.swift */,
				666399902AC021800026F4B1 /* Presenter.swift */,
				666399922AC021800026F4B1 /* DropView.swift */,
				666399932AC021800026F4B1 /* Drops.swift */,
				666399942AC021800026F4B1 /* PassthroughWindow.swift */,
				666399952AC021800026F4B1 /* Drop.swift */,
				666399962AC021800026F4B1 /* Weak.swift */,
			);
			path = drops;
			sourceTree = "<group>";
		};
/* End PBXGroup section */

/* Begin PBXHeadersBuildPhase section */
		6629503B2A69A311004EE91B /* Headers */ = {
			isa = PBXHeadersBuildPhase;
			buildActionMask = 2147483647;
			files = (
				662950512A69A311004EE91B /* SwiftyUIX.h in Headers */,
			);
			runOnlyForDeploymentPostprocessing = 0;
		};
/* End PBXHeadersBuildPhase section */

/* Begin PBXNativeTarget section */
		6629503F2A69A311004EE91B /* SwiftyUIX */ = {
			isa = PBXNativeTarget;
			buildConfigurationList = 662950542A69A311004EE91B /* Build configuration list for PBXNativeTarget "SwiftyUIX" */;
			buildPhases = (
				6629503B2A69A311004EE91B /* Headers */,
				6629503C2A69A311004EE91B /* Sources */,
				6629503D2A69A311004EE91B /* Frameworks */,
				6629503E2A69A311004EE91B /* Resources */,
			);
			buildRules = (
			);
			dependencies = (
			);
			name = SwiftyUIX;
			productName = SwiftyUIX;
			productReference = 662950402A69A311004EE91B /* SwiftyUIX.framework */;
			productType = "com.apple.product-type.framework";
		};
		662950492A69A311004EE91B /* SwiftyUIXTests */ = {
			isa = PBXNativeTarget;
			buildConfigurationList = 662950572A69A311004EE91B /* Build configuration list for PBXNativeTarget "SwiftyUIXTests" */;
			buildPhases = (
				662950462A69A311004EE91B /* Sources */,
				662950472A69A311004EE91B /* Frameworks */,
				662950482A69A311004EE91B /* Resources */,
			);
			buildRules = (
			);
			dependencies = (
				6629504D2A69A311004EE91B /* PBXTargetDependency */,
			);
			name = SwiftyUIXTests;
			productName = SwiftyUIXTests;
			productReference = 6629504A2A69A311004EE91B /* SwiftyUIXTests.xctest */;
			productType = "com.apple.product-type.bundle.unit-test";
		};
		6629505D2A69A3B4004EE91B /* swiftyUIXExamples */ = {
			isa = PBXNativeTarget;
			buildConfigurationList = 662950692A69A3B5004EE91B /* Build configuration list for PBXNativeTarget "swiftyUIXExamples" */;
			buildPhases = (
				6629505A2A69A3B4004EE91B /* Sources */,
				6629505B2A69A3B4004EE91B /* Frameworks */,
				6629505C2A69A3B4004EE91B /* Resources */,
			);
			buildRules = (
			);
			dependencies = (
				6629506F2A69AAAD004EE91B /* PBXTargetDependency */,
			);
			name = swiftyUIXExamples;
			productName = swiftyUIXExamples;
			productReference = 6629505E2A69A3B4004EE91B /* swiftyUIXExamples.app */;
			productType = "com.apple.product-type.application";
		};
/* End PBXNativeTarget section */

/* Begin PBXProject section */
		662950372A69A311004EE91B /* Project object */ = {
			isa = PBXProject;
			attributes = {
				BuildIndependentTargetsInParallel = 1;
				LastSwiftUpdateCheck = 1430;
				LastUpgradeCheck = 1430;
				TargetAttributes = {
					6629503F2A69A311004EE91B = {
						CreatedOnToolsVersion = 14.3;
					};
					662950492A69A311004EE91B = {
						CreatedOnToolsVersion = 14.3;
					};
					6629505D2A69A3B4004EE91B = {
						CreatedOnToolsVersion = 14.3;
					};
				};
			};
			buildConfigurationList = 6629503A2A69A311004EE91B /* Build configuration list for PBXProject "SwiftyUIX" */;
			compatibilityVersion = "Xcode 14.0";
			developmentRegion = en;
			hasScannedForEncodings = 0;
			knownRegions = (
				en,
				Base,
			);
			mainGroup = 662950362A69A311004EE91B;
			productRefGroup = 662950412A69A311004EE91B /* Products */;
			projectDirPath = "";
			projectRoot = "";
			targets = (
				6629505D2A69A3B4004EE91B /* swiftyUIXExamples */,
				6629503F2A69A311004EE91B /* SwiftyUIX */,
				662950492A69A311004EE91B /* SwiftyUIXTests */,
			);
		};
/* End PBXProject section */

/* Begin PBXResourcesBuildPhase section */
		6629503E2A69A311004EE91B /* Resources */ = {
			isa = PBXResourcesBuildPhase;
			buildActionMask = 2147483647;
			files = (
				666399AB2AC0A1C30026F4B1 /* SwiftyUIX.podspec in Resources */,
			);
			runOnlyForDeploymentPostprocessing = 0;
		};
		662950482A69A311004EE91B /* Resources */ = {
			isa = PBXResourcesBuildPhase;
			buildActionMask = 2147483647;
			files = (
			);
			runOnlyForDeploymentPostprocessing = 0;
		};
		6629505C2A69A3B4004EE91B /* Resources */ = {
			isa = PBXResourcesBuildPhase;
			buildActionMask = 2147483647;
			files = (
				662950682A69A3B5004EE91B /* Preview Assets.xcassets in Resources */,
				662950652A69A3B5004EE91B /* Assets.xcassets in Resources */,
			);
			runOnlyForDeploymentPostprocessing = 0;
		};
/* End PBXResourcesBuildPhase section */

/* Begin PBXSourcesBuildPhase section */
		6629503C2A69A311004EE91B /* Sources */ = {
			isa = PBXSourcesBuildPhase;
			buildActionMask = 2147483647;
			files = (
				662950452A69A311004EE91B /* SwiftyUIX.docc in Sources */,
				662950872A6C2199004EE91B /* TransprantBackgroud.swift in Sources */,
				666399A92AC09A990026F4B1 /* UIViewControllerExtension.swift in Sources */,
				6663999F2AC021800026F4B1 /* PassthroughWindow.swift in Sources */,
				666399A32AC027A00026F4B1 /* NotificationExtension.swift in Sources */,
				666399A12AC021800026F4B1 /* Weak.swift in Sources */,
				6629509E2A6C34D4004EE91B /* HTMLWebView.swift in Sources */,
				6663999A2AC021800026F4B1 /* Animator.swift in Sources */,
				6629506D2A69A655004EE91B /* ViewExtensions.swift in Sources */,
				666399992AC021800026F4B1 /* WindowViewController.swift in Sources */,
				662950942A6C30A0004EE91B /* DataExtensions.swift in Sources */,
				666399A02AC021800026F4B1 /* Drop.swift in Sources */,
				6629507F2A69BBB2004EE91B /* ColorsExtensions.swift in Sources */,
				666399972AC021800026F4B1 /* UIView+Extensions.swift in Sources */,
				666399982AC021800026F4B1 /* PassthroughView.swift in Sources */,
				666399A72AC09A610026F4B1 /* ObservableObjectExtension.swift in Sources */,
				6629509C2A6C32D3004EE91B /* BlurView.swift in Sources */,
				662950902A6C24EC004EE91B /* BorderView.swift in Sources */,
				6663999E2AC021800026F4B1 /* Drops.swift in Sources */,
				662950922A6C2762004EE91B /* DateExtensions.swift in Sources */,
				662950982A6C3187004EE91B /* HapticFeedbackManager.swift in Sources */,
				6663999B2AC021800026F4B1 /* Presenter.swift in Sources */,
				6663999D2AC021800026F4B1 /* DropView.swift in Sources */,
				6629507D2A69BACA004EE91B /* UIscreenExtensions.swift in Sources */,
				6629507B2A69BA6D004EE91B /* UIdeviceExtensions.swift in Sources */,
				666399882ABF2B5C0026F4B1 /* firebaseExtensions.swift in Sources */,
				6663998A2AC01B7C0026F4B1 /* RealmExtensions.swift in Sources */,
				6629508C2A6C233F004EE91B /* ThreadExtensions.swift in Sources */,
				666399A52AC0452A0026F4B1 /* UIApplicationExtension.swift in Sources */,
			);
			runOnlyForDeploymentPostprocessing = 0;
		};
		662950462A69A311004EE91B /* Sources */ = {
			isa = PBXSourcesBuildPhase;
			buildActionMask = 2147483647;
			files = (
				662950502A69A311004EE91B /* SwiftyUIXTests.swift in Sources */,
			);
			runOnlyForDeploymentPostprocessing = 0;
		};
		6629505A2A69A3B4004EE91B /* Sources */ = {
			isa = PBXSourcesBuildPhase;
			buildActionMask = 2147483647;
			files = (
				662950772A69AFF4004EE91B /* FrameExamples.swift in Sources */,
				662950812A69BE68004EE91B /* ColorHexCodeExample.swift in Sources */,
				662950632A69A3B4004EE91B /* ContentView.swift in Sources */,
				662950792A69B26D004EE91B /* ColorExtention.swift in Sources */,
				662950612A69A3B4004EE91B /* swiftyUIXExamplesApp.swift in Sources */,
				662950832A69C307004EE91B /* SafeAreaExample.swift in Sources */,
				662950712A69AB73004EE91B /* SceneDelegate.swift in Sources */,
				662950852A69C5E2004EE91B /* ScreenCornerRadiusExample.swift in Sources */,
			);
			runOnlyForDeploymentPostprocessing = 0;
		};
/* End PBXSourcesBuildPhase section */

/* Begin PBXTargetDependency section */
		6629504D2A69A311004EE91B /* PBXTargetDependency */ = {
			isa = PBXTargetDependency;
			target = 6629503F2A69A311004EE91B /* SwiftyUIX */;
			targetProxy = 6629504C2A69A311004EE91B /* PBXContainerItemProxy */;
		};
		6629506F2A69AAAD004EE91B /* PBXTargetDependency */ = {
			isa = PBXTargetDependency;
			target = 6629503F2A69A311004EE91B /* SwiftyUIX */;
			targetProxy = 6629506E2A69AAAD004EE91B /* PBXContainerItemProxy */;
		};
/* End PBXTargetDependency section */

/* Begin XCBuildConfiguration section */
		662950522A69A311004EE91B /* Debug */ = {
			isa = XCBuildConfiguration;
			buildSettings = {
				ALWAYS_SEARCH_USER_PATHS = NO;
				CLANG_ANALYZER_NONNULL = YES;
				CLANG_ANALYZER_NUMBER_OBJECT_CONVERSION = YES_AGGRESSIVE;
				CLANG_CXX_LANGUAGE_STANDARD = "gnu++20";
				CLANG_ENABLE_MODULES = YES;
				CLANG_ENABLE_OBJC_ARC = YES;
				CLANG_ENABLE_OBJC_WEAK = YES;
				CLANG_WARN_BLOCK_CAPTURE_AUTORELEASING = YES;
				CLANG_WARN_BOOL_CONVERSION = YES;
				CLANG_WARN_COMMA = YES;
				CLANG_WARN_CONSTANT_CONVERSION = YES;
				CLANG_WARN_DEPRECATED_OBJC_IMPLEMENTATIONS = YES;
				CLANG_WARN_DIRECT_OBJC_ISA_USAGE = YES_ERROR;
				CLANG_WARN_DOCUMENTATION_COMMENTS = YES;
				CLANG_WARN_EMPTY_BODY = YES;
				CLANG_WARN_ENUM_CONVERSION = YES;
				CLANG_WARN_INFINITE_RECURSION = YES;
				CLANG_WARN_INT_CONVERSION = YES;
				CLANG_WARN_NON_LITERAL_NULL_CONVERSION = YES;
				CLANG_WARN_OBJC_IMPLICIT_RETAIN_SELF = YES;
				CLANG_WARN_OBJC_LITERAL_CONVERSION = YES;
				CLANG_WARN_OBJC_ROOT_CLASS = YES_ERROR;
				CLANG_WARN_QUOTED_INCLUDE_IN_FRAMEWORK_HEADER = YES;
				CLANG_WARN_RANGE_LOOP_ANALYSIS = YES;
				CLANG_WARN_STRICT_PROTOTYPES = YES;
				CLANG_WARN_SUSPICIOUS_MOVE = YES;
				CLANG_WARN_UNGUARDED_AVAILABILITY = YES_AGGRESSIVE;
				CLANG_WARN_UNREACHABLE_CODE = YES;
				CLANG_WARN__DUPLICATE_METHOD_MATCH = YES;
				COPY_PHASE_STRIP = NO;
				CURRENT_PROJECT_VERSION = 1;
				DEBUG_INFORMATION_FORMAT = dwarf;
				ENABLE_STRICT_OBJC_MSGSEND = YES;
				ENABLE_TESTABILITY = YES;
				GCC_C_LANGUAGE_STANDARD = gnu11;
				GCC_DYNAMIC_NO_PIC = NO;
				GCC_NO_COMMON_BLOCKS = YES;
				GCC_OPTIMIZATION_LEVEL = 0;
				GCC_PREPROCESSOR_DEFINITIONS = (
					"DEBUG=1",
					"$(inherited)",
				);
				GCC_WARN_64_TO_32_BIT_CONVERSION = YES;
				GCC_WARN_ABOUT_RETURN_TYPE = YES_ERROR;
				GCC_WARN_UNDECLARED_SELECTOR = YES;
				GCC_WARN_UNINITIALIZED_AUTOS = YES_AGGRESSIVE;
				GCC_WARN_UNUSED_FUNCTION = YES;
				GCC_WARN_UNUSED_VARIABLE = YES;
				MTL_ENABLE_DEBUG_INFO = INCLUDE_SOURCE;
				MTL_FAST_MATH = YES;
				ONLY_ACTIVE_ARCH = YES;
				SWIFT_ACTIVE_COMPILATION_CONDITIONS = DEBUG;
				SWIFT_OPTIMIZATION_LEVEL = "-Onone";
				VERSIONING_SYSTEM = "apple-generic";
				VERSION_INFO_PREFIX = "";
			};
			name = Debug;
		};
		662950532A69A311004EE91B /* Release */ = {
			isa = XCBuildConfiguration;
			buildSettings = {
				ALWAYS_SEARCH_USER_PATHS = NO;
				CLANG_ANALYZER_NONNULL = YES;
				CLANG_ANALYZER_NUMBER_OBJECT_CONVERSION = YES_AGGRESSIVE;
				CLANG_CXX_LANGUAGE_STANDARD = "gnu++20";
				CLANG_ENABLE_MODULES = YES;
				CLANG_ENABLE_OBJC_ARC = YES;
				CLANG_ENABLE_OBJC_WEAK = YES;
				CLANG_WARN_BLOCK_CAPTURE_AUTORELEASING = YES;
				CLANG_WARN_BOOL_CONVERSION = YES;
				CLANG_WARN_COMMA = YES;
				CLANG_WARN_CONSTANT_CONVERSION = YES;
				CLANG_WARN_DEPRECATED_OBJC_IMPLEMENTATIONS = YES;
				CLANG_WARN_DIRECT_OBJC_ISA_USAGE = YES_ERROR;
				CLANG_WARN_DOCUMENTATION_COMMENTS = YES;
				CLANG_WARN_EMPTY_BODY = YES;
				CLANG_WARN_ENUM_CONVERSION = YES;
				CLANG_WARN_INFINITE_RECURSION = YES;
				CLANG_WARN_INT_CONVERSION = YES;
				CLANG_WARN_NON_LITERAL_NULL_CONVERSION = YES;
				CLANG_WARN_OBJC_IMPLICIT_RETAIN_SELF = YES;
				CLANG_WARN_OBJC_LITERAL_CONVERSION = YES;
				CLANG_WARN_OBJC_ROOT_CLASS = YES_ERROR;
				CLANG_WARN_QUOTED_INCLUDE_IN_FRAMEWORK_HEADER = YES;
				CLANG_WARN_RANGE_LOOP_ANALYSIS = YES;
				CLANG_WARN_STRICT_PROTOTYPES = YES;
				CLANG_WARN_SUSPICIOUS_MOVE = YES;
				CLANG_WARN_UNGUARDED_AVAILABILITY = YES_AGGRESSIVE;
				CLANG_WARN_UNREACHABLE_CODE = YES;
				CLANG_WARN__DUPLICATE_METHOD_MATCH = YES;
				COPY_PHASE_STRIP = NO;
				CURRENT_PROJECT_VERSION = 1;
				DEBUG_INFORMATION_FORMAT = "dwarf-with-dsym";
				ENABLE_NS_ASSERTIONS = NO;
				ENABLE_STRICT_OBJC_MSGSEND = YES;
				GCC_C_LANGUAGE_STANDARD = gnu11;
				GCC_NO_COMMON_BLOCKS = YES;
				GCC_WARN_64_TO_32_BIT_CONVERSION = YES;
				GCC_WARN_ABOUT_RETURN_TYPE = YES_ERROR;
				GCC_WARN_UNDECLARED_SELECTOR = YES;
				GCC_WARN_UNINITIALIZED_AUTOS = YES_AGGRESSIVE;
				GCC_WARN_UNUSED_FUNCTION = YES;
				GCC_WARN_UNUSED_VARIABLE = YES;
				MTL_ENABLE_DEBUG_INFO = NO;
				MTL_FAST_MATH = YES;
				SWIFT_COMPILATION_MODE = wholemodule;
				SWIFT_OPTIMIZATION_LEVEL = "-O";
				VERSIONING_SYSTEM = "apple-generic";
				VERSION_INFO_PREFIX = "";
			};
			name = Release;
		};
		662950552A69A311004EE91B /* Debug */ = {
			isa = XCBuildConfiguration;
			buildSettings = {
				CODE_SIGN_STYLE = Automatic;
				CURRENT_PROJECT_VERSION = 1;
				DEFINES_MODULE = YES;
				DEVELOPMENT_TEAM = NG992SYUWX;
				DYLIB_COMPATIBILITY_VERSION = 1;
				DYLIB_CURRENT_VERSION = 1;
				DYLIB_INSTALL_NAME_BASE = "@rpath";
				ENABLE_MODULE_VERIFIER = YES;
				GENERATE_INFOPLIST_FILE = YES;
				INFOPLIST_KEY_NSHumanReadableCopyright = "";
				INSTALL_PATH = "$(LOCAL_LIBRARY_DIR)/Frameworks";
				IPHONEOS_DEPLOYMENT_TARGET = 13.0;
				LD_RUNPATH_SEARCH_PATHS = (
					"@executable_path/Frameworks",
					"@loader_path/Frameworks",
				);
				"LD_RUNPATH_SEARCH_PATHS[sdk=macosx*]" = (
					"@executable_path/../Frameworks",
					"@loader_path/Frameworks",
				);
				MACOSX_DEPLOYMENT_TARGET = 12.0;
				MARKETING_VERSION = 1.0;
				MODULE_VERIFIER_SUPPORTED_LANGUAGES = "objective-c objective-c++";
				MODULE_VERIFIER_SUPPORTED_LANGUAGE_STANDARDS = "gnu11 gnu++20";
				PRODUCT_BUNDLE_IDENTIFIER = com.moksh.SwiftyUIX;
				PRODUCT_NAME = "$(TARGET_NAME:c99extidentifier)";
				SDKROOT = auto;
				SKIP_INSTALL = YES;
				SUPPORTED_PLATFORMS = "iphoneos iphonesimulator";
				SUPPORTS_MACCATALYST = NO;
				SUPPORTS_MAC_DESIGNED_FOR_IPHONE_IPAD = YES;
				SWIFT_EMIT_LOC_STRINGS = YES;
				SWIFT_VERSION = 5.0;
				TARGETED_DEVICE_FAMILY = "1,2";
			};
			name = Debug;
		};
		662950562A69A311004EE91B /* Release */ = {
			isa = XCBuildConfiguration;
			buildSettings = {
				CODE_SIGN_STYLE = Automatic;
				CURRENT_PROJECT_VERSION = 1;
				DEFINES_MODULE = YES;
				DEVELOPMENT_TEAM = NG992SYUWX;
				DYLIB_COMPATIBILITY_VERSION = 1;
				DYLIB_CURRENT_VERSION = 1;
				DYLIB_INSTALL_NAME_BASE = "@rpath";
				ENABLE_MODULE_VERIFIER = YES;
				GENERATE_INFOPLIST_FILE = YES;
				INFOPLIST_KEY_NSHumanReadableCopyright = "";
				INSTALL_PATH = "$(LOCAL_LIBRARY_DIR)/Frameworks";
				IPHONEOS_DEPLOYMENT_TARGET = 13.0;
				LD_RUNPATH_SEARCH_PATHS = (
					"@executable_path/Frameworks",
					"@loader_path/Frameworks",
				);
				"LD_RUNPATH_SEARCH_PATHS[sdk=macosx*]" = (
					"@executable_path/../Frameworks",
					"@loader_path/Frameworks",
				);
				MACOSX_DEPLOYMENT_TARGET = 12.0;
				MARKETING_VERSION = 1.0;
				MODULE_VERIFIER_SUPPORTED_LANGUAGES = "objective-c objective-c++";
				MODULE_VERIFIER_SUPPORTED_LANGUAGE_STANDARDS = "gnu11 gnu++20";
				PRODUCT_BUNDLE_IDENTIFIER = com.moksh.SwiftyUIX;
				PRODUCT_NAME = "$(TARGET_NAME:c99extidentifier)";
				SDKROOT = auto;
				SKIP_INSTALL = YES;
				SUPPORTED_PLATFORMS = "iphoneos iphonesimulator";
				SUPPORTS_MACCATALYST = NO;
				SUPPORTS_MAC_DESIGNED_FOR_IPHONE_IPAD = YES;
				SWIFT_EMIT_LOC_STRINGS = YES;
				SWIFT_VERSION = 5.0;
				TARGETED_DEVICE_FAMILY = "1,2";
			};
			name = Release;
		};
		662950582A69A311004EE91B /* Debug */ = {
			isa = XCBuildConfiguration;
			buildSettings = {
				ALWAYS_EMBED_SWIFT_STANDARD_LIBRARIES = YES;
				CODE_SIGN_STYLE = Automatic;
				CURRENT_PROJECT_VERSION = 1;
				DEVELOPMENT_TEAM = NG992SYUWX;
				GENERATE_INFOPLIST_FILE = YES;
				IPHONEOS_DEPLOYMENT_TARGET = 13.0;
				MACOSX_DEPLOYMENT_TARGET = 11.0;
				MARKETING_VERSION = 1.0;
				PRODUCT_BUNDLE_IDENTIFIER = com.moksh.SwiftyUIXTests;
				PRODUCT_NAME = "$(TARGET_NAME)";
				SDKROOT = auto;
				SUPPORTED_PLATFORMS = "iphoneos iphonesimulator macosx";
				SWIFT_EMIT_LOC_STRINGS = NO;
				SWIFT_VERSION = 5.0;
				TARGETED_DEVICE_FAMILY = "1,2";
			};
			name = Debug;
		};
		662950592A69A311004EE91B /* Release */ = {
			isa = XCBuildConfiguration;
			buildSettings = {
				ALWAYS_EMBED_SWIFT_STANDARD_LIBRARIES = YES;
				CODE_SIGN_STYLE = Automatic;
				CURRENT_PROJECT_VERSION = 1;
				DEVELOPMENT_TEAM = NG992SYUWX;
				GENERATE_INFOPLIST_FILE = YES;
				IPHONEOS_DEPLOYMENT_TARGET = 13.0;
				MACOSX_DEPLOYMENT_TARGET = 11.0;
				MARKETING_VERSION = 1.0;
				PRODUCT_BUNDLE_IDENTIFIER = com.moksh.SwiftyUIXTests;
				PRODUCT_NAME = "$(TARGET_NAME)";
				SDKROOT = auto;
				SUPPORTED_PLATFORMS = "iphoneos iphonesimulator macosx";
				SWIFT_EMIT_LOC_STRINGS = NO;
				SWIFT_VERSION = 5.0;
				TARGETED_DEVICE_FAMILY = "1,2";
			};
			name = Release;
		};
		6629506A2A69A3B5004EE91B /* Debug */ = {
			isa = XCBuildConfiguration;
			buildSettings = {
				ASSETCATALOG_COMPILER_APPICON_NAME = AppIcon;
				ASSETCATALOG_COMPILER_GLOBAL_ACCENT_COLOR_NAME = AccentColor;
				CODE_SIGN_STYLE = Automatic;
				CURRENT_PROJECT_VERSION = 1;
				DEVELOPMENT_ASSET_PATHS = "\"swiftyUIXExamples/Preview Content\"";
				DEVELOPMENT_TEAM = NG992SYUWX;
				ENABLE_PREVIEWS = YES;
				GENERATE_INFOPLIST_FILE = YES;
				INFOPLIST_FILE = swiftyUIXExamples/Info.plist;
				INFOPLIST_KEY_UIApplicationSupportsIndirectInputEvents = YES;
				INFOPLIST_KEY_UILaunchScreen_Generation = YES;
				INFOPLIST_KEY_UISupportedInterfaceOrientations_iPad = "UIInterfaceOrientationPortrait UIInterfaceOrientationPortraitUpsideDown UIInterfaceOrientationLandscapeLeft UIInterfaceOrientationLandscapeRight";
				INFOPLIST_KEY_UISupportedInterfaceOrientations_iPhone = "UIInterfaceOrientationPortrait UIInterfaceOrientationLandscapeLeft UIInterfaceOrientationLandscapeRight";
				IPHONEOS_DEPLOYMENT_TARGET = 14.0;
				LD_RUNPATH_SEARCH_PATHS = (
					"$(inherited)",
					"@executable_path/Frameworks",
				);
				MARKETING_VERSION = 1.0;
				PRODUCT_BUNDLE_IDENTIFIER = com.moksh.swiftyUIXExamples;
				PRODUCT_NAME = "$(TARGET_NAME)";
				SDKROOT = iphoneos;
				SUPPORTED_PLATFORMS = "iphoneos iphonesimulator";
				SUPPORTS_MACCATALYST = NO;
				SWIFT_EMIT_LOC_STRINGS = YES;
				SWIFT_VERSION = 5.0;
				TARGETED_DEVICE_FAMILY = "1,2";
			};
			name = Debug;
		};
		6629506B2A69A3B5004EE91B /* Release */ = {
			isa = XCBuildConfiguration;
			buildSettings = {
				ASSETCATALOG_COMPILER_APPICON_NAME = AppIcon;
				ASSETCATALOG_COMPILER_GLOBAL_ACCENT_COLOR_NAME = AccentColor;
				CODE_SIGN_STYLE = Automatic;
				CURRENT_PROJECT_VERSION = 1;
				DEVELOPMENT_ASSET_PATHS = "\"swiftyUIXExamples/Preview Content\"";
				DEVELOPMENT_TEAM = NG992SYUWX;
				ENABLE_PREVIEWS = YES;
				GENERATE_INFOPLIST_FILE = YES;
				INFOPLIST_FILE = swiftyUIXExamples/Info.plist;
				INFOPLIST_KEY_UIApplicationSupportsIndirectInputEvents = YES;
				INFOPLIST_KEY_UILaunchScreen_Generation = YES;
				INFOPLIST_KEY_UISupportedInterfaceOrientations_iPad = "UIInterfaceOrientationPortrait UIInterfaceOrientationPortraitUpsideDown UIInterfaceOrientationLandscapeLeft UIInterfaceOrientationLandscapeRight";
				INFOPLIST_KEY_UISupportedInterfaceOrientations_iPhone = "UIInterfaceOrientationPortrait UIInterfaceOrientationLandscapeLeft UIInterfaceOrientationLandscapeRight";
				IPHONEOS_DEPLOYMENT_TARGET = 14.0;
				LD_RUNPATH_SEARCH_PATHS = (
					"$(inherited)",
					"@executable_path/Frameworks",
				);
				MARKETING_VERSION = 1.0;
				PRODUCT_BUNDLE_IDENTIFIER = com.moksh.swiftyUIXExamples;
				PRODUCT_NAME = "$(TARGET_NAME)";
				SDKROOT = iphoneos;
				SUPPORTED_PLATFORMS = "iphoneos iphonesimulator";
				SUPPORTS_MACCATALYST = NO;
				SWIFT_EMIT_LOC_STRINGS = YES;
				SWIFT_VERSION = 5.0;
				TARGETED_DEVICE_FAMILY = "1,2";
				VALIDATE_PRODUCT = YES;
			};
			name = Release;
		};
/* End XCBuildConfiguration section */

/* Begin XCConfigurationList section */
		6629503A2A69A311004EE91B /* Build configuration list for PBXProject "SwiftyUIX" */ = {
			isa = XCConfigurationList;
			buildConfigurations = (
				662950522A69A311004EE91B /* Debug */,
				662950532A69A311004EE91B /* Release */,
			);
			defaultConfigurationIsVisible = 0;
			defaultConfigurationName = Release;
		};
		662950542A69A311004EE91B /* Build configuration list for PBXNativeTarget "SwiftyUIX" */ = {
			isa = XCConfigurationList;
			buildConfigurations = (
				662950552A69A311004EE91B /* Debug */,
				662950562A69A311004EE91B /* Release */,
			);
			defaultConfigurationIsVisible = 0;
			defaultConfigurationName = Release;
		};
		662950572A69A311004EE91B /* Build configuration list for PBXNativeTarget "SwiftyUIXTests" */ = {
			isa = XCConfigurationList;
			buildConfigurations = (
				662950582A69A311004EE91B /* Debug */,
				662950592A69A311004EE91B /* Release */,
			);
			defaultConfigurationIsVisible = 0;
			defaultConfigurationName = Release;
		};
		662950692A69A3B5004EE91B /* Build configuration list for PBXNativeTarget "swiftyUIXExamples" */ = {
			isa = XCConfigurationList;
			buildConfigurations = (
				6629506A2A69A3B5004EE91B /* Debug */,
				6629506B2A69A3B5004EE91B /* Release */,
			);
			defaultConfigurationIsVisible = 0;
			defaultConfigurationName = Release;
		};
/* End XCConfigurationList section */
	};
	rootObject = 662950372A69A311004EE91B /* Project object */;
}
